[[package]]
name = "databricks-connect"
version = "9.1.11"
description = "Databricks Connect Client"
category = "main"
optional = false
python-versions = ">=3.6"

[package.dependencies]
py4j = "0.10.9"
six = "*"

[package.extras]
ml = ["numpy (>=1.7)"]
mllib = ["numpy (>=1.7)"]
sql = ["pandas (>=0.23.2)", "pyarrow (>=1.0.0)"]

[[package]]
name = "py4j"
version = "0.10.9"
description = "Enables Python programs to dynamically access arbitrary Java objects"
category = "main"
optional = false
python-versions = "*"

[[package]]
name = "six"
version = "1.16.0"
description = "Python 2 and 3 compatibility utilities"
category = "main"
optional = false
python-versions = ">=2.7, !=3.0.*, !=3.1.*, !=3.2.*"

[metadata]
lock-version = "1.1"
python-versions = "3.9"
content-hash = "d21d1d84ab45d1d3878fe1591390e30d92e0f1c4f2998cc6e572052fbfc1b2b2"

[metadata.files]
databricks-connect = [
    {file = "databricks-connect-9.1.11.tar.gz", hash = "sha256:23a3f634d1986e84d25dad7370f86e9b349d3060cb6551084f8a2bfbb8477a82"},
]
py4j = [
    {file = "py4j-0.10.9-py2.py3-none-any.whl", hash = "sha256:859ba728a7bb43e9c2bf058832759fb97a598bb28cc12f34f5fc4abdec08ede6"},
    {file = "py4j-0.10.9.tar.gz", hash = "sha256:36ec57f43ff8ced260a18aa9a4e46c3500a730cac8860e259cbaa546c2b9db2f"},
]
six = [
    {file = "six-1.16.0-py2.py3-none-any.whl", hash = "sha256:8abb2f1d86890a2dfb989f9a77cfcfd3e47c2a354b01111771326f8aa26e0254"},
    {file = "six-1.16.0.tar.gz", hash = "sha256:1e61c37477a1626458e36f7b1d82aa5c9b094fa4802892072e49de9c60c4c926"},
]
